
Microsoft Visual Studio Solution File, Format Version 12.00
# Visual Studio Version 17
VisualStudioVersion = 17.7.34003.232
MinimumVisualStudioVersion = 10.0.40219.1
Project("{FAE04EC0-301F-11D3-BF4B-00C04F79EFBC}") = "01_TYPES_AND_VARIABLES", "01_TYPES_AND_VARIABLES\01_TYPES_AND_VARIABLES.csproj", "{B06309FF-97AE-4267-9133-288E1B0CB2D4}"
EndProject
Global
	GlobalSection(SolutionConfigurationPlatforms) = preSolution
		Debug|Any CPU = Debug|Any CPU
		Release|Any CPU = Release|Any CPU
	EndGlobalSection
	GlobalSection(ProjectConfigurationPlatforms) = postSolution
		{B06309FF-97AE-4267-9133-288E1B0CB2D4}.Debug|Any CPU.ActiveCfg = Debug|Any CPU
		{B06309FF-97AE-4267-9133-288E1B0CB2D4}.Debug|Any CPU.Build.0 = Debug|Any CPU
		{B06309FF-97AE-4267-9133-288E1B0CB2D4}.Release|Any CPU.ActiveCfg = Release|Any CPU
		{B06309FF-97AE-4267-9133-288E1B0CB2D4}.Release|Any CPU.Build.0 = Release|Any CPU
	EndGlobalSection
	GlobalSection(SolutionProperties) = preSolution
		HideSolutionNode = FALSE
	EndGlobalSection
	GlobalSection(ExtensibilityGlobals) = postSolution
		SolutionGuid = {DF543CD0-02B5-4EA6-AC38-15E5066F3445}
	EndGlobalSection
EndGlobal
